{
    "_readme": [
        "This file locks the dependencies of your project to a known state",
        "Read more about it at https://getcomposer.org/doc/01-basic-usage.md#installing-dependencies",
        "This file is @generated automatically"
    ],
    "content-hash": "d30c0dc14cf91217c373b7d4b4da89b1",
    "packages": [
        {
            "name": "itmar/block-class-package",
            "version": "v1.3.2",
            "source": {
                "type": "git",
                "url": "https://github.com/itmaroon/block-class-package.git",
                "reference": "36ad9b7f73096f3c479817e74b347ff76e7e6a39"
            },
            "dist": {
                "type": "zip",
                "url": "https://api.github.com/repos/itmaroon/block-class-package/zipball/36ad9b7f73096f3c479817e74b347ff76e7e6a39",
                "reference": "36ad9b7f73096f3c479817e74b347ff76e7e6a39",
                "shasum": ""
            },
            "type": "library",
            "autoload": {
                "psr-4": {
                    "Itmar\\BlockClassPakage\\": "src/"
                }
            },
            "notification-url": "https://packagist.org/downloads/",
            "license": [
                "MIT"
            ],
            "authors": [
                {
                    "name": "itmaroon",
                    "email": "master@itmaroon.net"
                }
            ],
            "description": "Gutenberg block class package",
            "support": {
                "issues": "https://github.com/itmaroon/block-class-package/issues",
                "source": "https://github.com/itmaroon/block-class-package/tree/v1.3.2"
            },
            "time": "2025-03-16T04:35:34+00:00"
        }
    ],
    "packages-dev": [],
    "aliases": [],
    "minimum-stability": "stable",
    "stability-flags": [],
    "prefer-stable": false,
    "prefer-lowest": false,
    "platform": [],
    "platform-dev": [],
    "plugin-api-version": "2.6.0"
}
